
Microsoft Visual Studio Solution File, Format Version 12.00
# Visual Studio Version 17
VisualStudioVersion = 17.11.35312.102
MinimumVisualStudioVersion = 10.0.40219.1
Project("{D2ABAB84-BF74-430A-B69E-9DC6D40DDA17}") = "SSAS-BD3-202501", "SSAS-BD3-202501.dwproj", "{BA4CF0AA-5FE3-4D4A-9830-CB27C2C2EF6E}"
EndProject
Global
	GlobalSection(SolutionConfigurationPlatforms) = preSolution
		Development|Default = Development|Default
	EndGlobalSection
	GlobalSection(ProjectConfigurationPlatforms) = postSolution
		{BA4CF0AA-5FE3-4D4A-9830-CB27C2C2EF6E}.Development|Default.ActiveCfg = Development
		{BA4CF0AA-5FE3-4D4A-9830-CB27C2C2EF6E}.Development|Default.Build.0 = Development
		{BA4CF0AA-5FE3-4D4A-9830-CB27C2C2EF6E}.Development|Default.Deploy.0 = Development
	EndGlobalSection
	GlobalSection(SolutionProperties) = preSolution
		HideSolutionNode = FALSE
	EndGlobalSection
	GlobalSection(ExtensibilityGlobals) = postSolution
		SolutionGuid = {5D8E41BA-0406-494C-8B08-6AC041802239}
	EndGlobalSection
EndGlobal
